
Microsoft Visual Studio Solution File, Format Version 12.00
# Visual Studio Version 16
VisualStudioVersion = 16.0.29411.108
MinimumVisualStudioVersion = 10.0.40219.1
Project("{FAE04EC0-301F-11D3-BF4B-00C04F79EFBC}") = "SampleUniversity", "SampleUniversity\SampleUniversity.csproj", "{C2512CC0-CB23-4FFA-8278-1C5232C45E14}"
EndProject
Global
	GlobalSection(SolutionConfigurationPlatforms) = preSolution
		Debug|Any CPU = Debug|Any CPU
		Release|Any CPU = Release|Any CPU
	EndGlobalSection
	GlobalSection(ProjectConfigurationPlatforms) = postSolution
		{C2512CC0-CB23-4FFA-8278-1C5232C45E14}.Debug|Any CPU.ActiveCfg = Debug|Any CPU
		{C2512CC0-CB23-4FFA-8278-1C5232C45E14}.Debug|Any CPU.Build.0 = Debug|Any CPU
		{C2512CC0-CB23-4FFA-8278-1C5232C45E14}.Release|Any CPU.ActiveCfg = Release|Any CPU
		{C2512CC0-CB23-4FFA-8278-1C5232C45E14}.Release|Any CPU.Build.0 = Release|Any CPU
	EndGlobalSection
	GlobalSection(SolutionProperties) = preSolution
		HideSolutionNode = FALSE
	EndGlobalSection
	GlobalSection(ExtensibilityGlobals) = postSolution
		SolutionGuid = {360E6CA5-261A-42AA-883F-76F8CD70A260}
	EndGlobalSection
EndGlobal
